
Microsoft Visual Studio Solution File, Format Version 12.00
# Visual Studio Version 16
VisualStudioVersion = 16.0.30621.155
MinimumVisualStudioVersion = 10.0.40219.1
Project("{FAE04EC0-301F-11D3-BF4B-00C04F79EFBC}") = "Study Application 3.0", "Study Application 3.0\Study Application 3.0.csproj", "{FEE7DB1A-E808-4B39-8F2B-454A124A0088}"
EndProject
Global
	GlobalSection(SolutionConfigurationPlatforms) = preSolution
		Debug|Any CPU = Debug|Any CPU
		Release|Any CPU = Release|Any CPU
	EndGlobalSection
	GlobalSection(ProjectConfigurationPlatforms) = postSolution
		{FEE7DB1A-E808-4B39-8F2B-454A124A0088}.Debug|Any CPU.ActiveCfg = Debug|Any CPU
		{FEE7DB1A-E808-4B39-8F2B-454A124A0088}.Debug|Any CPU.Build.0 = Debug|Any CPU
		{FEE7DB1A-E808-4B39-8F2B-454A124A0088}.Release|Any CPU.ActiveCfg = Release|Any CPU
		{FEE7DB1A-E808-4B39-8F2B-454A124A0088}.Release|Any CPU.Build.0 = Release|Any CPU
	EndGlobalSection
	GlobalSection(SolutionProperties) = preSolution
		HideSolutionNode = FALSE
	EndGlobalSection
	GlobalSection(ExtensibilityGlobals) = postSolution
		SolutionGuid = {8E8F2D66-52BC-4695-8084-4882EFE61364}
	EndGlobalSection
EndGlobal
